
Microsoft Visual Studio Solution File, Format Version 12.00
# Visual Studio Express 2012 for Windows Desktop
Project("{FAE04EC0-301F-11D3-BF4B-00C04F79EFBC}") = "LimitlessLED-Test", "LimitlessLED-Test\LimitlessLED-Test.csproj", "{1905B06B-F924-4A52-AAF8-FBE163D30C1A}"
EndProject
Global
	GlobalSection(SolutionConfigurationPlatforms) = preSolution
		Debug|Any CPU = Debug|Any CPU
		Release|Any CPU = Release|Any CPU
	EndGlobalSection
	GlobalSection(ProjectConfigurationPlatforms) = postSolution
		{1905B06B-F924-4A52-AAF8-FBE163D30C1A}.Debug|Any CPU.ActiveCfg = Debug|Any CPU
		{1905B06B-F924-4A52-AAF8-FBE163D30C1A}.Debug|Any CPU.Build.0 = Debug|Any CPU
		{1905B06B-F924-4A52-AAF8-FBE163D30C1A}.Release|Any CPU.ActiveCfg = Release|Any CPU
		{1905B06B-F924-4A52-AAF8-FBE163D30C1A}.Release|Any CPU.Build.0 = Release|Any CPU
	EndGlobalSection
	GlobalSection(SolutionProperties) = preSolution
		HideSolutionNode = FALSE
	EndGlobalSection
EndGlobal
